
Microsoft Visual Studio Solution File, Format Version 12.00
# Visual Studio Version 16
VisualStudioVersion = 16.0.30406.217
MinimumVisualStudioVersion = 10.0.40219.1
Project("{FAE04EC0-301F-11D3-BF4B-00C04F79EFBC}") = "WpfCanvasKinosal", "WpfCanvasKinosal.csproj", "{68627E1C-7C78-4408-9D35-1FFB67F25E6D}"
EndProject
Global
	GlobalSection(SolutionConfigurationPlatforms) = preSolution
		Debug|Any CPU = Debug|Any CPU
		Release|Any CPU = Release|Any CPU
	EndGlobalSection
	GlobalSection(ProjectConfigurationPlatforms) = postSolution
		{68627E1C-7C78-4408-9D35-1FFB67F25E6D}.Debug|Any CPU.ActiveCfg = Debug|Any CPU
		{68627E1C-7C78-4408-9D35-1FFB67F25E6D}.Debug|Any CPU.Build.0 = Debug|Any CPU
		{68627E1C-7C78-4408-9D35-1FFB67F25E6D}.Release|Any CPU.ActiveCfg = Release|Any CPU
		{68627E1C-7C78-4408-9D35-1FFB67F25E6D}.Release|Any CPU.Build.0 = Release|Any CPU
	EndGlobalSection
	GlobalSection(SolutionProperties) = preSolution
		HideSolutionNode = FALSE
	EndGlobalSection
	GlobalSection(ExtensibilityGlobals) = postSolution
		SolutionGuid = {203D9FE1-4381-4624-B167-A3B2BB3A3232}
	EndGlobalSection
EndGlobal
