
Microsoft Visual Studio Solution File, Format Version 12.00
# Visual Studio Version 16
VisualStudioVersion = 16.0.31410.357
MinimumVisualStudioVersion = 10.0.40219.1
Project("{FAE04EC0-301F-11D3-BF4B-00C04F79EFBC}") = "WpfApp1", "WpfApp1.csproj", "{150375CE-273D-4D22-9B34-B8ECB7AEDF6A}"
EndProject
Global
	GlobalSection(SolutionConfigurationPlatforms) = preSolution
		Debug|Any CPU = Debug|Any CPU
		Release|Any CPU = Release|Any CPU
	EndGlobalSection
	GlobalSection(ProjectConfigurationPlatforms) = postSolution
		{150375CE-273D-4D22-9B34-B8ECB7AEDF6A}.Debug|Any CPU.ActiveCfg = Debug|Any CPU
		{150375CE-273D-4D22-9B34-B8ECB7AEDF6A}.Debug|Any CPU.Build.0 = Debug|Any CPU
		{150375CE-273D-4D22-9B34-B8ECB7AEDF6A}.Release|Any CPU.ActiveCfg = Release|Any CPU
		{150375CE-273D-4D22-9B34-B8ECB7AEDF6A}.Release|Any CPU.Build.0 = Release|Any CPU
	EndGlobalSection
	GlobalSection(SolutionProperties) = preSolution
		HideSolutionNode = FALSE
	EndGlobalSection
	GlobalSection(ExtensibilityGlobals) = postSolution
		SolutionGuid = {788073F6-C13D-49B5-8893-29A70543549E}
	EndGlobalSection
EndGlobal
