
Microsoft Visual Studio Solution File, Format Version 12.00
# Visual Studio Version 16
VisualStudioVersion = 16.0.31515.178
MinimumVisualStudioVersion = 10.0.40219.1
Project("{FAE04EC0-301F-11D3-BF4B-00C04F79EFBC}") = "keybso", "keybso.csproj", "{78574060-CC46-4FF8-A75C-8510F209DC63}"
EndProject
Global
	GlobalSection(SolutionConfigurationPlatforms) = preSolution
		Debug|Any CPU = Debug|Any CPU
		Release|Any CPU = Release|Any CPU
	EndGlobalSection
	GlobalSection(ProjectConfigurationPlatforms) = postSolution
		{78574060-CC46-4FF8-A75C-8510F209DC63}.Debug|Any CPU.ActiveCfg = Debug|Any CPU
		{78574060-CC46-4FF8-A75C-8510F209DC63}.Debug|Any CPU.Build.0 = Debug|Any CPU
		{78574060-CC46-4FF8-A75C-8510F209DC63}.Release|Any CPU.ActiveCfg = Release|Any CPU
		{78574060-CC46-4FF8-A75C-8510F209DC63}.Release|Any CPU.Build.0 = Release|Any CPU
	EndGlobalSection
	GlobalSection(SolutionProperties) = preSolution
		HideSolutionNode = FALSE
	EndGlobalSection
	GlobalSection(ExtensibilityGlobals) = postSolution
		SolutionGuid = {3C6DD7B2-3E53-4165-86F8-67003459F014}
	EndGlobalSection
EndGlobal
