
Microsoft Visual Studio Solution File, Format Version 12.00
# Visual Studio Version 16
VisualStudioVersion = 16.0.30406.217
MinimumVisualStudioVersion = 10.0.40219.1
Project("{FAE04EC0-301F-11D3-BF4B-00C04F79EFBC}") = "PrikladLinqXML", "PrikladLinqXML.csproj", "{3830D944-C5B4-4864-9A16-AEE9884D6695}"
EndProject
Global
	GlobalSection(SolutionConfigurationPlatforms) = preSolution
		Debug|Any CPU = Debug|Any CPU
		Release|Any CPU = Release|Any CPU
	EndGlobalSection
	GlobalSection(ProjectConfigurationPlatforms) = postSolution
		{3830D944-C5B4-4864-9A16-AEE9884D6695}.Debug|Any CPU.ActiveCfg = Debug|Any CPU
		{3830D944-C5B4-4864-9A16-AEE9884D6695}.Debug|Any CPU.Build.0 = Debug|Any CPU
		{3830D944-C5B4-4864-9A16-AEE9884D6695}.Release|Any CPU.ActiveCfg = Release|Any CPU
		{3830D944-C5B4-4864-9A16-AEE9884D6695}.Release|Any CPU.Build.0 = Release|Any CPU
	EndGlobalSection
	GlobalSection(SolutionProperties) = preSolution
		HideSolutionNode = FALSE
	EndGlobalSection
	GlobalSection(ExtensibilityGlobals) = postSolution
		SolutionGuid = {7953E1CA-DFA3-4B5E-942C-DCC77159BC59}
	EndGlobalSection
EndGlobal
