
Microsoft Visual Studio Solution File, Format Version 12.00
# Visual Studio Version 16
VisualStudioVersion = 16.0.30320.27
MinimumVisualStudioVersion = 10.0.40219.1
Project("{FAE04EC0-301F-11D3-BF4B-00C04F79EFBC}") = "PrikladEshop", "PrikladEshop.csproj", "{C88ABBAE-D33B-45D3-8BD8-FF3D0DACBE6E}"
EndProject
Global
	GlobalSection(SolutionConfigurationPlatforms) = preSolution
		Debug|Any CPU = Debug|Any CPU
		Release|Any CPU = Release|Any CPU
	EndGlobalSection
	GlobalSection(ProjectConfigurationPlatforms) = postSolution
		{C88ABBAE-D33B-45D3-8BD8-FF3D0DACBE6E}.Debug|Any CPU.ActiveCfg = Debug|Any CPU
		{C88ABBAE-D33B-45D3-8BD8-FF3D0DACBE6E}.Debug|Any CPU.Build.0 = Debug|Any CPU
		{C88ABBAE-D33B-45D3-8BD8-FF3D0DACBE6E}.Release|Any CPU.ActiveCfg = Release|Any CPU
		{C88ABBAE-D33B-45D3-8BD8-FF3D0DACBE6E}.Release|Any CPU.Build.0 = Release|Any CPU
	EndGlobalSection
	GlobalSection(SolutionProperties) = preSolution
		HideSolutionNode = FALSE
	EndGlobalSection
	GlobalSection(ExtensibilityGlobals) = postSolution
		SolutionGuid = {15BB8F1A-FBC8-4E37-8A06-36DEBCD968B3}
	EndGlobalSection
EndGlobal
