
Microsoft Visual Studio Solution File, Format Version 12.00
# Visual Studio Version 16
VisualStudioVersion = 16.0.30413.136
MinimumVisualStudioVersion = 10.0.40219.1
Project("{FAE04EC0-301F-11D3-BF4B-00C04F79EFBC}") = "SlovickaSQL", "SlovickaSQL.csproj", "{2E845630-CA6B-48C0-9F23-ABF641462C39}"
EndProject
Global
	GlobalSection(SolutionConfigurationPlatforms) = preSolution
		Debug|Any CPU = Debug|Any CPU
		Release|Any CPU = Release|Any CPU
	EndGlobalSection
	GlobalSection(ProjectConfigurationPlatforms) = postSolution
		{2E845630-CA6B-48C0-9F23-ABF641462C39}.Debug|Any CPU.ActiveCfg = Debug|Any CPU
		{2E845630-CA6B-48C0-9F23-ABF641462C39}.Debug|Any CPU.Build.0 = Debug|Any CPU
		{2E845630-CA6B-48C0-9F23-ABF641462C39}.Release|Any CPU.ActiveCfg = Release|Any CPU
		{2E845630-CA6B-48C0-9F23-ABF641462C39}.Release|Any CPU.Build.0 = Release|Any CPU
	EndGlobalSection
	GlobalSection(SolutionProperties) = preSolution
		HideSolutionNode = FALSE
	EndGlobalSection
	GlobalSection(ExtensibilityGlobals) = postSolution
		SolutionGuid = {DD2738AD-82EA-44E0-8F9F-2602FCE81E20}
	EndGlobalSection
EndGlobal
