
Microsoft Visual Studio Solution File, Format Version 12.00
# Visual Studio Version 16
VisualStudioVersion = 16.0.30413.136
MinimumVisualStudioVersion = 10.0.40219.1
Project("{FAE04EC0-301F-11D3-BF4B-00C04F79EFBC}") = "DbEntityFramework", "DbEntityFramework.csproj", "{56AD7032-347D-4CEA-8B3E-A090E5D2A1D6}"
EndProject
Project("{FAE04EC0-301F-11D3-BF4B-00C04F79EFBC}") = "View", "..\View\View.csproj", "{452E257C-361C-4CE5-8F3D-6D5FCEC90D36}"
EndProject
Global
	GlobalSection(SolutionConfigurationPlatforms) = preSolution
		Debug|Any CPU = Debug|Any CPU
		Release|Any CPU = Release|Any CPU
	EndGlobalSection
	GlobalSection(ProjectConfigurationPlatforms) = postSolution
		{56AD7032-347D-4CEA-8B3E-A090E5D2A1D6}.Debug|Any CPU.ActiveCfg = Debug|Any CPU
		{56AD7032-347D-4CEA-8B3E-A090E5D2A1D6}.Debug|Any CPU.Build.0 = Debug|Any CPU
		{56AD7032-347D-4CEA-8B3E-A090E5D2A1D6}.Release|Any CPU.ActiveCfg = Release|Any CPU
		{56AD7032-347D-4CEA-8B3E-A090E5D2A1D6}.Release|Any CPU.Build.0 = Release|Any CPU
		{452E257C-361C-4CE5-8F3D-6D5FCEC90D36}.Debug|Any CPU.ActiveCfg = Debug|Any CPU
		{452E257C-361C-4CE5-8F3D-6D5FCEC90D36}.Debug|Any CPU.Build.0 = Debug|Any CPU
		{452E257C-361C-4CE5-8F3D-6D5FCEC90D36}.Release|Any CPU.ActiveCfg = Release|Any CPU
		{452E257C-361C-4CE5-8F3D-6D5FCEC90D36}.Release|Any CPU.Build.0 = Release|Any CPU
	EndGlobalSection
	GlobalSection(SolutionProperties) = preSolution
		HideSolutionNode = FALSE
	EndGlobalSection
	GlobalSection(ExtensibilityGlobals) = postSolution
		SolutionGuid = {836BD2D4-38F5-4B0F-B55F-AA2CF87D425E}
	EndGlobalSection
EndGlobal
