
Microsoft Visual Studio Solution File, Format Version 12.00
# Visual Studio Version 16
VisualStudioVersion = 16.0.30406.217
MinimumVisualStudioVersion = 10.0.40219.1
Project("{FAE04EC0-301F-11D3-BF4B-00C04F79EFBC}") = "ConsolePing", "ConsolePing.csproj", "{2A27E588-092C-4DE3-BB6E-7D8A85950250}"
EndProject
Global
	GlobalSection(SolutionConfigurationPlatforms) = preSolution
		Debug|Any CPU = Debug|Any CPU
		Release|Any CPU = Release|Any CPU
	EndGlobalSection
	GlobalSection(ProjectConfigurationPlatforms) = postSolution
		{2A27E588-092C-4DE3-BB6E-7D8A85950250}.Debug|Any CPU.ActiveCfg = Debug|Any CPU
		{2A27E588-092C-4DE3-BB6E-7D8A85950250}.Debug|Any CPU.Build.0 = Debug|Any CPU
		{2A27E588-092C-4DE3-BB6E-7D8A85950250}.Release|Any CPU.ActiveCfg = Release|Any CPU
		{2A27E588-092C-4DE3-BB6E-7D8A85950250}.Release|Any CPU.Build.0 = Release|Any CPU
	EndGlobalSection
	GlobalSection(SolutionProperties) = preSolution
		HideSolutionNode = FALSE
	EndGlobalSection
	GlobalSection(ExtensibilityGlobals) = postSolution
		SolutionGuid = {20B5F082-684A-45C8-8A62-6139CB2F2DFD}
	EndGlobalSection
EndGlobal
